
Microsoft Visual Studio Solution File, Format Version 12.00
# Visual Studio Version 16
VisualStudioVersion = 16.0.31702.278
MinimumVisualStudioVersion = 10.0.40219.1
Project("{FAE04EC0-301F-11D3-BF4B-00C04F79EFBC}") = "Enbridge", "Enbridge\Enbridge.csproj", "{5F48471C-59A2-44F0-96F6-B55B2AACFEEE}"
EndProject
Global
	GlobalSection(SolutionConfigurationPlatforms) = preSolution
		Debug|Any CPU = Debug|Any CPU
		Release|Any CPU = Release|Any CPU
	EndGlobalSection
	GlobalSection(ProjectConfigurationPlatforms) = postSolution
		{5F48471C-59A2-44F0-96F6-B55B2AACFEEE}.Debug|Any CPU.ActiveCfg = Debug|Any CPU
		{5F48471C-59A2-44F0-96F6-B55B2AACFEEE}.Debug|Any CPU.Build.0 = Debug|Any CPU
		{5F48471C-59A2-44F0-96F6-B55B2AACFEEE}.Release|Any CPU.ActiveCfg = Release|Any CPU
		{5F48471C-59A2-44F0-96F6-B55B2AACFEEE}.Release|Any CPU.Build.0 = Release|Any CPU
	EndGlobalSection
	GlobalSection(SolutionProperties) = preSolution
		HideSolutionNode = FALSE
	EndGlobalSection
	GlobalSection(ExtensibilityGlobals) = postSolution
		SolutionGuid = {B7929857-1FDE-45DE-ABAE-1C3BD5209373}
	EndGlobalSection
EndGlobal
